// !$*UTF8*$!
{
	archiveVersion = 1;
	classes = {
	};
	objectVersion = 50;
	objects = {

/* Begin PBXBuildFile section */
		7979CB7469525F13375B9EF6 /* libPods-PacMan CoronatrainerTests.a in Frameworks */ = {isa = PBXBuildFile; fileRef = AD56D9E086A8A91A8D719F93 /* libPods-PacMan CoronatrainerTests.a */; };
		9F108371245521F90024AE5B /* maps.gpx in Resources */ = {isa = PBXBuildFile; fileRef = 9F108370245521F90024AE5B /* maps.gpx */; };
		9F1083732455244E0024AE5B /* maps2.gpx in Resources */ = {isa = PBXBuildFile; fileRef = 9F1083722455244E0024AE5B /* maps2.gpx */; };
		9F108375245524C30024AE5B /* maps3.gpx in Resources */ = {isa = PBXBuildFile; fileRef = 9F108374245524C30024AE5B /* maps3.gpx */; };
		9F363E9C2453B4EE0023084D /* AppDelegate.swift in Sources */ = {isa = PBXBuildFile; fileRef = 9F363E9B2453B4EE0023084D /* AppDelegate.swift */; };
		9F363EA32453B4EE0023084D /* Main.storyboard in Resources */ = {isa = PBXBuildFile; fileRef = 9F363EA12453B4EE0023084D /* Main.storyboard */; };
		9F363EA52453B4F50023084D /* Assets.xcassets in Resources */ = {isa = PBXBuildFile; fileRef = 9F363EA42453B4F50023084D /* Assets.xcassets */; };
		9F363EA82453B4F50023084D /* LaunchScreen.storyboard in Resources */ = {isa = PBXBuildFile; fileRef = 9F363EA62453B4F50023084D /* LaunchScreen.storyboard */; };
		9F363EB32453B4F50023084D /* PacMan_CoronatrainerTests.swift in Sources */ = {isa = PBXBuildFile; fileRef = 9F363EB22453B4F50023084D /* PacMan_CoronatrainerTests.swift */; };
		9F363EBE2453B4F50023084D /* PacMan_CoronatrainerUITests.swift in Sources */ = {isa = PBXBuildFile; fileRef = 9F363EBD2453B4F50023084D /* PacMan_CoronatrainerUITests.swift */; };
		9F363ECC2453CE990023084D /* SceneDelegate.swift in Sources */ = {isa = PBXBuildFile; fileRef = 9F363ECB2453CE990023084D /* SceneDelegate.swift */; };
		9F363ECF2453DDD10023084D /* MapKit.framework in Frameworks */ = {isa = PBXBuildFile; fileRef = 9F363ECE2453DDD10023084D /* MapKit.framework */; };
		9F363ED12454090F0023084D /* CustomAnnotation.swift in Sources */ = {isa = PBXBuildFile; fileRef = 9F363ED02454090F0023084D /* CustomAnnotation.swift */; };
		9F363ED3245414D70023084D /* ViewController.swift in Sources */ = {isa = PBXBuildFile; fileRef = 9F363ED2245414D70023084D /* ViewController.swift */; };
		9F363ED5245419150023084D /* LeaderboardViewController.swift in Sources */ = {isa = PBXBuildFile; fileRef = 9F363ED4245419150023084D /* LeaderboardViewController.swift */; };
		9F363ED72454C8490023084D /* User.swift in Sources */ = {isa = PBXBuildFile; fileRef = 9F363ED62454C8480023084D /* User.swift */; };
		9F363ED92454C89F0023084D /* GoogleService-Info.plist in Resources */ = {isa = PBXBuildFile; fileRef = 9F363ED82454C89F0023084D /* GoogleService-Info.plist */; };
		9F363EDB2454D0510023084D /* FirebaseInterface.swift in Sources */ = {isa = PBXBuildFile; fileRef = 9F363EDA2454D0500023084D /* FirebaseInterface.swift */; };
		B44A863FF0769B53208F3E68 /* libPods-PacMan Coronatrainer-PacMan CoronatrainerUITests.a in Frameworks */ = {isa = PBXBuildFile; fileRef = B076C33D5297C1F9608BA61E /* libPods-PacMan Coronatrainer-PacMan CoronatrainerUITests.a */; };
		E3CA15F14D0D6BD52CAF8862 /* libPods-PacMan Coronatrainer.a in Frameworks */ = {isa = PBXBuildFile; fileRef = 4D942D6DFC84C0AF7A1AAC46 /* libPods-PacMan Coronatrainer.a */; };
/* End PBXBuildFile section */

/* Begin PBXContainerItemProxy section */
		9F363EAF2453B4F50023084D /* PBXContainerItemProxy */ = {
			isa = PBXContainerItemProxy;
			containerPortal = 9F363E902453B4ED0023084D /* Project object */;
			proxyType = 1;
			remoteGlobalIDString = 9F363E972453B4ED0023084D;
			remoteInfo = "PacMan Coronatrainer";
		};
		9F363EBA2453B4F50023084D /* PBXContainerItemProxy */ = {
			isa = PBXContainerItemProxy;
			containerPortal = 9F363E902453B4ED0023084D /* Project object */;
			proxyType = 1;
			remoteGlobalIDString = 9F363E972453B4ED0023084D;
			remoteInfo = "PacMan Coronatrainer";
		};
/* End PBXContainerItemProxy section */

/* Begin PBXFileReference section */
		185F03EC0C74B2AFD5273F29 /* Pods-PacMan CoronatrainerTests.release.xcconfig */ = {isa = PBXFileReference; includeInIndex = 1; lastKnownFileType = text.xcconfig; name = "Pods-PacMan CoronatrainerTests.release.xcconfig"; path = "Target Support Files/Pods-PacMan CoronatrainerTests/Pods-PacMan CoronatrainerTests.release.xcconfig"; sourceTree = "<group>"; };
		3D1FBF8D421047DE8E4BD672 /* Pods-PacMan Coronatrainer-PacMan CoronatrainerUITests.release.xcconfig */ = {isa = PBXFileReference; includeInIndex = 1; lastKnownFileType = text.xcconfig; name = "Pods-PacMan Coronatrainer-PacMan CoronatrainerUITests.release.xcconfig"; path = "Target Support Files/Pods-PacMan Coronatrainer-PacMan CoronatrainerUITests/Pods-PacMan Coronatrainer-PacMan CoronatrainerUITests.release.xcconfig"; sourceTree = "<group>"; };
		4D942D6DFC84C0AF7A1AAC46 /* libPods-PacMan Coronatrainer.a */ = {isa = PBXFileReference; explicitFileType = archive.ar; includeInIndex = 0; path = "libPods-PacMan Coronatrainer.a"; sourceTree = BUILT_PRODUCTS_DIR; };
		5E7B2CAEC618F9BB3588B27E /* Pods-PacMan Coronatrainer-PacMan CoronatrainerUITests.debug.xcconfig */ = {isa = PBXFileReference; includeInIndex = 1; lastKnownFileType = text.xcconfig; name = "Pods-PacMan Coronatrainer-PacMan CoronatrainerUITests.debug.xcconfig"; path = "Target Support Files/Pods-PacMan Coronatrainer-PacMan CoronatrainerUITests/Pods-PacMan Coronatrainer-PacMan CoronatrainerUITests.debug.xcconfig"; sourceTree = "<group>"; };
		9F108370245521F90024AE5B /* maps.gpx */ = {isa = PBXFileReference; fileEncoding = 4; lastKnownFileType = text.xml; path = maps.gpx; sourceTree = "<group>"; };
		9F1083722455244E0024AE5B /* maps2.gpx */ = {isa = PBXFileReference; fileEncoding = 4; lastKnownFileType = text.xml; path = maps2.gpx; sourceTree = "<group>"; };
		9F108374245524C30024AE5B /* maps3.gpx */ = {isa = PBXFileReference; fileEncoding = 4; lastKnownFileType = text.xml; path = maps3.gpx; sourceTree = "<group>"; };
		9F363E982453B4ED0023084D /* Pac-Maps.app */ = {isa = PBXFileReference; explicitFileType = wrapper.application; includeInIndex = 0; path = "Pac-Maps.app"; sourceTree = BUILT_PRODUCTS_DIR; };
		9F363E9B2453B4EE0023084D /* AppDelegate.swift */ = {isa = PBXFileReference; lastKnownFileType = sourcecode.swift; path = AppDelegate.swift; sourceTree = "<group>"; };
		9F363EA22453B4EE0023084D /* Base */ = {isa = PBXFileReference; lastKnownFileType = file.storyboard; name = Base; path = Base.lproj/Main.storyboard; sourceTree = "<group>"; };
		9F363EA42453B4F50023084D /* Assets.xcassets */ = {isa = PBXFileReference; lastKnownFileType = folder.assetcatalog; path = Assets.xcassets; sourceTree = "<group>"; };
		9F363EA72453B4F50023084D /* Base */ = {isa = PBXFileReference; lastKnownFileType = file.storyboard; name = Base; path = Base.lproj/LaunchScreen.storyboard; sourceTree = "<group>"; };
		9F363EA92453B4F50023084D /* Info.plist */ = {isa = PBXFileReference; lastKnownFileType = text.plist.xml; path = Info.plist; sourceTree = "<group>"; };
		9F363EAE2453B4F50023084D /* PacMan CoronatrainerTests.xctest */ = {isa = PBXFileReference; explicitFileType = wrapper.cfbundle; includeInIndex = 0; path = "PacMan CoronatrainerTests.xctest"; sourceTree = BUILT_PRODUCTS_DIR; };
		9F363EB22453B4F50023084D /* PacMan_CoronatrainerTests.swift */ = {isa = PBXFileReference; lastKnownFileType = sourcecode.swift; path = PacMan_CoronatrainerTests.swift; sourceTree = "<group>"; };
		9F363EB42453B4F50023084D /* Info.plist */ = {isa = PBXFileReference; lastKnownFileType = text.plist.xml; path = Info.plist; sourceTree = "<group>"; };
		9F363EB92453B4F50023084D /* PacMan CoronatrainerUITests.xctest */ = {isa = PBXFileReference; explicitFileType = wrapper.cfbundle; includeInIndex = 0; path = "PacMan CoronatrainerUITests.xctest"; sourceTree = BUILT_PRODUCTS_DIR; };
		9F363EBD2453B4F50023084D /* PacMan_CoronatrainerUITests.swift */ = {isa = PBXFileReference; lastKnownFileType = sourcecode.swift; path = PacMan_CoronatrainerUITests.swift; sourceTree = "<group>"; };
		9F363EBF2453B4F50023084D /* Info.plist */ = {isa = PBXFileReference; lastKnownFileType = text.plist.xml; path = Info.plist; sourceTree = "<group>"; };
		9F363ECB2453CE990023084D /* SceneDelegate.swift */ = {isa = PBXFileReference; fileEncoding = 4; lastKnownFileType = sourcecode.swift; path = SceneDelegate.swift; sourceTree = "<group>"; };
		9F363ECE2453DDD10023084D /* MapKit.framework */ = {isa = PBXFileReference; lastKnownFileType = wrapper.framework; name = MapKit.framework; path = System/Library/Frameworks/MapKit.framework; sourceTree = SDKROOT; };
		9F363ED02454090F0023084D /* CustomAnnotation.swift */ = {isa = PBXFileReference; lastKnownFileType = sourcecode.swift; path = CustomAnnotation.swift; sourceTree = "<group>"; };
		9F363ED2245414D70023084D /* ViewController.swift */ = {isa = PBXFileReference; fileEncoding = 4; lastKnownFileType = sourcecode.swift; path = ViewController.swift; sourceTree = "<group>"; };
		9F363ED4245419150023084D /* LeaderboardViewController.swift */ = {isa = PBXFileReference; lastKnownFileType = sourcecode.swift; path = LeaderboardViewController.swift; sourceTree = "<group>"; };
		9F363ED62454C8480023084D /* User.swift */ = {isa = PBXFileReference; fileEncoding = 4; lastKnownFileType = sourcecode.swift; path = User.swift; sourceTree = "<group>"; };
		9F363ED82454C89F0023084D /* GoogleService-Info.plist */ = {isa = PBXFileReference; fileEncoding = 4; lastKnownFileType = text.plist.xml; path = "GoogleService-Info.plist"; sourceTree = "<group>"; };
		9F363EDA2454D0500023084D /* FirebaseInterface.swift */ = {isa = PBXFileReference; fileEncoding = 4; lastKnownFileType = sourcecode.swift; path = FirebaseInterface.swift; sourceTree = "<group>"; };
		9FE2FA94249D748200C68C51 /* Pac-Maps.entitlements */ = {isa = PBXFileReference; lastKnownFileType = text.plist.entitlements; path = "Pac-Maps.entitlements"; sourceTree = "<group>"; };
		AD56D9E086A8A91A8D719F93 /* libPods-PacMan CoronatrainerTests.a */ = {isa = PBXFileReference; explicitFileType = archive.ar; includeInIndex = 0; path = "libPods-PacMan CoronatrainerTests.a"; sourceTree = BUILT_PRODUCTS_DIR; };
		B076C33D5297C1F9608BA61E /* libPods-PacMan Coronatrainer-PacMan CoronatrainerUITests.a */ = {isa = PBXFileReference; explicitFileType = archive.ar; includeInIndex = 0; path = "libPods-PacMan Coronatrainer-PacMan CoronatrainerUITests.a"; sourceTree = BUILT_PRODUCTS_DIR; };
		C7EE3042A5D792F28DCA0808 /* Pods-PacMan Coronatrainer.release.xcconfig */ = {isa = PBXFileReference; includeInIndex = 1; lastKnownFileType = text.xcconfig; name = "Pods-PacMan Coronatrainer.release.xcconfig"; path = "Target Support Files/Pods-PacMan Coronatrainer/Pods-PacMan Coronatrainer.release.xcconfig"; sourceTree = "<group>"; };
		CD218F472B5E9C7217050826 /* Pods-PacMan CoronatrainerTests.debug.xcconfig */ = {isa = PBXFileReference; includeInIndex = 1; lastKnownFileType = text.xcconfig; name = "Pods-PacMan CoronatrainerTests.debug.xcconfig"; path = "Target Support Files/Pods-PacMan CoronatrainerTests/Pods-PacMan CoronatrainerTests.debug.xcconfig"; sourceTree = "<group>"; };
		F5BA87FC3C1754AFFDE95190 /* Pods-PacMan Coronatrainer.debug.xcconfig */ = {isa = PBXFileReference; includeInIndex = 1; lastKnownFileType = text.xcconfig; name = "Pods-PacMan Coronatrainer.debug.xcconfig"; path = "Target Support Files/Pods-PacMan Coronatrainer/Pods-PacMan Coronatrainer.debug.xcconfig"; sourceTree = "<group>"; };
/* End PBXFileReference section */

/* Begin PBXFrameworksBuildPhase section */
		9F363E952453B4ED0023084D /* Frameworks */ = {
			isa = PBXFrameworksBuildPhase;
			buildActionMask = 2147483647;
			files = (
				9F363ECF2453DDD10023084D /* MapKit.framework in Frameworks */,
				E3CA15F14D0D6BD52CAF8862 /* libPods-PacMan Coronatrainer.a in Frameworks */,
			);
			runOnlyForDeploymentPostprocessing = 0;
		};
		9F363EAB2453B4F50023084D /* Frameworks */ = {
			isa = PBXFrameworksBuildPhase;
			buildActionMask = 2147483647;
			files = (
				7979CB7469525F13375B9EF6 /* libPods-PacMan CoronatrainerTests.a in Frameworks */,
			);
			runOnlyForDeploymentPostprocessing = 0;
		};
		9F363EB62453B4F50023084D /* Frameworks */ = {
			isa = PBXFrameworksBuildPhase;
			buildActionMask = 2147483647;
			files = (
				B44A863FF0769B53208F3E68 /* libPods-PacMan Coronatrainer-PacMan CoronatrainerUITests.a in Frameworks */,
			);
			runOnlyForDeploymentPostprocessing = 0;
		};
/* End PBXFrameworksBuildPhase section */

/* Begin PBXGroup section */
		6C7D033050B8485E5F714F76 /* Pods */ = {
			isa = PBXGroup;
			children = (
				F5BA87FC3C1754AFFDE95190 /* Pods-PacMan Coronatrainer.debug.xcconfig */,
				C7EE3042A5D792F28DCA0808 /* Pods-PacMan Coronatrainer.release.xcconfig */,
				5E7B2CAEC618F9BB3588B27E /* Pods-PacMan Coronatrainer-PacMan CoronatrainerUITests.debug.xcconfig */,
				3D1FBF8D421047DE8E4BD672 /* Pods-PacMan Coronatrainer-PacMan CoronatrainerUITests.release.xcconfig */,
				CD218F472B5E9C7217050826 /* Pods-PacMan CoronatrainerTests.debug.xcconfig */,
				185F03EC0C74B2AFD5273F29 /* Pods-PacMan CoronatrainerTests.release.xcconfig */,
			);
			path = Pods;
			sourceTree = "<group>";
		};
		9F363E8F2453B4ED0023084D = {
			isa = PBXGroup;
			children = (
				9F363E9A2453B4ED0023084D /* PacMan Coronatrainer */,
				9F363EB12453B4F50023084D /* PacMan CoronatrainerTests */,
				9F363EBC2453B4F50023084D /* PacMan CoronatrainerUITests */,
				9F363E992453B4ED0023084D /* Products */,
				9F363ECD2453DDD10023084D /* Frameworks */,
				6C7D033050B8485E5F714F76 /* Pods */,
			);
			sourceTree = "<group>";
		};
		9F363E992453B4ED0023084D /* Products */ = {
			isa = PBXGroup;
			children = (
				9F363E982453B4ED0023084D /* Pac-Maps.app */,
				9F363EAE2453B4F50023084D /* PacMan CoronatrainerTests.xctest */,
				9F363EB92453B4F50023084D /* PacMan CoronatrainerUITests.xctest */,
			);
			name = Products;
			sourceTree = "<group>";
		};
		9F363E9A2453B4ED0023084D /* PacMan Coronatrainer */ = {
			isa = PBXGroup;
			children = (
				9FE2FA94249D748200C68C51 /* Pac-Maps.entitlements */,
				9F363E9B2453B4EE0023084D /* AppDelegate.swift */,
				9F363ECB2453CE990023084D /* SceneDelegate.swift */,
				9F363ED2245414D70023084D /* ViewController.swift */,
				9F363ED4245419150023084D /* LeaderboardViewController.swift */,
				9F363EA12453B4EE0023084D /* Main.storyboard */,
				9F363EA42453B4F50023084D /* Assets.xcassets */,
				9F363EA62453B4F50023084D /* LaunchScreen.storyboard */,
				9F363EA92453B4F50023084D /* Info.plist */,
				9F363ED82454C89F0023084D /* GoogleService-Info.plist */,
				9F363ED02454090F0023084D /* CustomAnnotation.swift */,
				9F363ED62454C8480023084D /* User.swift */,
				9F363EDA2454D0500023084D /* FirebaseInterface.swift */,
				9F108370245521F90024AE5B /* maps.gpx */,
				9F1083722455244E0024AE5B /* maps2.gpx */,
				9F108374245524C30024AE5B /* maps3.gpx */,
			);
			path = "PacMan Coronatrainer";
			sourceTree = "<group>";
		};
		9F363EB12453B4F50023084D /* PacMan CoronatrainerTests */ = {
			isa = PBXGroup;
			children = (
				9F363EB22453B4F50023084D /* PacMan_CoronatrainerTests.swift */,
				9F363EB42453B4F50023084D /* Info.plist */,
			);
			path = "PacMan CoronatrainerTests";
			sourceTree = "<group>";
		};
		9F363EBC2453B4F50023084D /* PacMan CoronatrainerUITests */ = {
			isa = PBXGroup;
			children = (
				9F363EBD2453B4F50023084D /* PacMan_CoronatrainerUITests.swift */,
				9F363EBF2453B4F50023084D /* Info.plist */,
			);
			path = "PacMan CoronatrainerUITests";
			sourceTree = "<group>";
		};
		9F363ECD2453DDD10023084D /* Frameworks */ = {
			isa = PBXGroup;
			children = (
				9F363ECE2453DDD10023084D /* MapKit.framework */,
				4D942D6DFC84C0AF7A1AAC46 /* libPods-PacMan Coronatrainer.a */,
				B076C33D5297C1F9608BA61E /* libPods-PacMan Coronatrainer-PacMan CoronatrainerUITests.a */,
				AD56D9E086A8A91A8D719F93 /* libPods-PacMan CoronatrainerTests.a */,
			);
			name = Frameworks;
			sourceTree = "<group>";
		};
/* End PBXGroup section */

/* Begin PBXNativeTarget section */
		9F363E972453B4ED0023084D /* PacMan Coronatrainer */ = {
			isa = PBXNativeTarget;
			buildConfigurationList = 9F363EC22453B4F50023084D /* Build configuration list for PBXNativeTarget "PacMan Coronatrainer" */;
			buildPhases = (
				3FB898B6D6D1219D8179004F /* [CP] Check Pods Manifest.lock */,
				9F363E942453B4ED0023084D /* Sources */,
				9F363E952453B4ED0023084D /* Frameworks */,
				9F363E962453B4ED0023084D /* Resources */,
			);
			buildRules = (
			);
			dependencies = (
			);
			name = "PacMan Coronatrainer";
			productName = "PacMan Coronatrainer";
			productReference = 9F363E982453B4ED0023084D /* Pac-Maps.app */;
			productType = "com.apple.product-type.application";
		};
		9F363EAD2453B4F50023084D /* PacMan CoronatrainerTests */ = {
			isa = PBXNativeTarget;
			buildConfigurationList = 9F363EC52453B4F50023084D /* Build configuration list for PBXNativeTarget "PacMan CoronatrainerTests" */;
			buildPhases = (
				E9B8521B98DFEEBEBD83836A /* [CP] Check Pods Manifest.lock */,
				9F363EAA2453B4F50023084D /* Sources */,
				9F363EAB2453B4F50023084D /* Frameworks */,
				9F363EAC2453B4F50023084D /* Resources */,
			);
			buildRules = (
			);
			dependencies = (
				9F363EB02453B4F50023084D /* PBXTargetDependency */,
			);
			name = "PacMan CoronatrainerTests";
			productName = "PacMan CoronatrainerTests";
			productReference = 9F363EAE2453B4F50023084D /* PacMan CoronatrainerTests.xctest */;
			productType = "com.apple.product-type.bundle.unit-test";
		};
		9F363EB82453B4F50023084D /* PacMan CoronatrainerUITests */ = {
			isa = PBXNativeTarget;
			buildConfigurationList = 9F363EC82453B4F50023084D /* Build configuration list for PBXNativeTarget "PacMan CoronatrainerUITests" */;
			buildPhases = (
				B874DE1E558EC1AE28CA1466 /* [CP] Check Pods Manifest.lock */,
				9F363EB52453B4F50023084D /* Sources */,
				9F363EB62453B4F50023084D /* Frameworks */,
				9F363EB72453B4F50023084D /* Resources */,
			);
			buildRules = (
			);
			dependencies = (
				9F363EBB2453B4F50023084D /* PBXTargetDependency */,
			);
			name = "PacMan CoronatrainerUITests";
			productName = "PacMan CoronatrainerUITests";
			productReference = 9F363EB92453B4F50023084D /* PacMan CoronatrainerUITests.xctest */;
			productType = "com.apple.product-type.bundle.ui-testing";
		};
/* End PBXNativeTarget section */

/* Begin PBXProject section */
		9F363E902453B4ED0023084D /* Project object */ = {
			isa = PBXProject;
			attributes = {
				LastSwiftUpdateCheck = 1140;
				LastUpgradeCheck = 1140;
				ORGANIZATIONNAME = "Avikam Chauhan";
				TargetAttributes = {
					9F363E972453B4ED0023084D = {
						CreatedOnToolsVersion = 11.4;
					};
					9F363EAD2453B4F50023084D = {
						CreatedOnToolsVersion = 11.4;
						TestTargetID = 9F363E972453B4ED0023084D;
					};
					9F363EB82453B4F50023084D = {
						CreatedOnToolsVersion = 11.4;
						TestTargetID = 9F363E972453B4ED0023084D;
					};
				};
			};
			buildConfigurationList = 9F363E932453B4ED0023084D /* Build configuration list for PBXProject "PacMan Coronatrainer" */;
			compatibilityVersion = "Xcode 9.3";
			developmentRegion = en;
			hasScannedForEncodings = 0;
			knownRegions = (
				en,
				Base,
			);
			mainGroup = 9F363E8F2453B4ED0023084D;
			productRefGroup = 9F363E992453B4ED0023084D /* Products */;
			projectDirPath = "";
			projectRoot = "";
			targets = (
				9F363E972453B4ED0023084D /* PacMan Coronatrainer */,
				9F363EAD2453B4F50023084D /* PacMan CoronatrainerTests */,
				9F363EB82453B4F50023084D /* PacMan CoronatrainerUITests */,
			);
		};
/* End PBXProject section */

/* Begin PBXResourcesBuildPhase section */
		9F363E962453B4ED0023084D /* Resources */ = {
			isa = PBXResourcesBuildPhase;
			buildActionMask = 2147483647;
			files = (
				9F108375245524C30024AE5B /* maps3.gpx in Resources */,
				9F108371245521F90024AE5B /* maps.gpx in Resources */,
				9F363EA82453B4F50023084D /* LaunchScreen.storyboard in Resources */,
				9F363ED92454C89F0023084D /* GoogleService-Info.plist in Resources */,
				9F363EA52453B4F50023084D /* Assets.xcassets in Resources */,
				9F1083732455244E0024AE5B /* maps2.gpx in Resources */,
				9F363EA32453B4EE0023084D /* Main.storyboard in Resources */,
			);
			runOnlyForDeploymentPostprocessing = 0;
		};
		9F363EAC2453B4F50023084D /* Resources */ = {
			isa = PBXResourcesBuildPhase;
			buildActionMask = 2147483647;
			files = (
			);
			runOnlyForDeploymentPostprocessing = 0;
		};
		9F363EB72453B4F50023084D /* Resources */ = {
			isa = PBXResourcesBuildPhase;
			buildActionMask = 2147483647;
			files = (
			);
			runOnlyForDeploymentPostprocessing = 0;
		};
/* End PBXResourcesBuildPhase section */

/* Begin PBXShellScriptBuildPhase section */
		3FB898B6D6D1219D8179004F /* [CP] Check Pods Manifest.lock */ = {
			isa = PBXShellScriptBuildPhase;
			buildActionMask = 2147483647;
			files = (
			);
			inputFileListPaths = (
			);
			inputPaths = (
				"${PODS_PODFILE_DIR_PATH}/Podfile.lock",
				"${PODS_ROOT}/Manifest.lock",
			);
			name = "[CP] Check Pods Manifest.lock";
			outputFileListPaths = (
			);
			outputPaths = (
				"$(DERIVED_FILE_DIR)/Pods-PacMan Coronatrainer-checkManifestLockResult.txt",
			);
			runOnlyForDeploymentPostprocessing = 0;
			shellPath = /bin/sh;
			shellScript = "diff \"${PODS_PODFILE_DIR_PATH}/Podfile.lock\" \"${PODS_ROOT}/Manifest.lock\" > /dev/null\nif [ $? != 0 ] ; then\n    # print error to STDERR\n    echo \"error: The sandbox is not in sync with the Podfile.lock. Run 'pod install' or update your CocoaPods installation.\" >&2\n    exit 1\nfi\n# This output is used by Xcode 'outputs' to avoid re-running this script phase.\necho \"SUCCESS\" > \"${SCRIPT_OUTPUT_FILE_0}\"\n";
			showEnvVarsInLog = 0;
		};
		B874DE1E558EC1AE28CA1466 /* [CP] Check Pods Manifest.lock */ = {
			isa = PBXShellScriptBuildPhase;
			buildActionMask = 2147483647;
			files = (
			);
			inputFileListPaths = (
			);
			inputPaths = (
				"${PODS_PODFILE_DIR_PATH}/Podfile.lock",
				"${PODS_ROOT}/Manifest.lock",
			);
			name = "[CP] Check Pods Manifest.lock";
			outputFileListPaths = (
			);
			outputPaths = (
				"$(DERIVED_FILE_DIR)/Pods-PacMan Coronatrainer-PacMan CoronatrainerUITests-checkManifestLockResult.txt",
			);
			runOnlyForDeploymentPostprocessing = 0;
			shellPath = /bin/sh;
			shellScript = "diff \"${PODS_PODFILE_DIR_PATH}/Podfile.lock\" \"${PODS_ROOT}/Manifest.lock\" > /dev/null\nif [ $? != 0 ] ; then\n    # print error to STDERR\n    echo \"error: The sandbox is not in sync with the Podfile.lock. Run 'pod install' or update your CocoaPods installation.\" >&2\n    exit 1\nfi\n# This output is used by Xcode 'outputs' to avoid re-running this script phase.\necho \"SUCCESS\" > \"${SCRIPT_OUTPUT_FILE_0}\"\n";
			showEnvVarsInLog = 0;
		};
		E9B8521B98DFEEBEBD83836A /* [CP] Check Pods Manifest.lock */ = {
			isa = PBXShellScriptBuildPhase;
			buildActionMask = 2147483647;
			files = (
			);
			inputFileListPaths = (
			);
			inputPaths = (
				"${PODS_PODFILE_DIR_PATH}/Podfile.lock",
				"${PODS_ROOT}/Manifest.lock",
			);
			name = "[CP] Check Pods Manifest.lock";
			outputFileListPaths = (
			);
			outputPaths = (
				"$(DERIVED_FILE_DIR)/Pods-PacMan CoronatrainerTests-checkManifestLockResult.txt",
			);
			runOnlyForDeploymentPostprocessing = 0;
			shellPath = /bin/sh;
			shellScript = "diff \"${PODS_PODFILE_DIR_PATH}/Podfile.lock\" \"${PODS_ROOT}/Manifest.lock\" > /dev/null\nif [ $? != 0 ] ; then\n    # print error to STDERR\n    echo \"error: The sandbox is not in sync with the Podfile.lock. Run 'pod install' or update your CocoaPods installation.\" >&2\n    exit 1\nfi\n# This output is used by Xcode 'outputs' to avoid re-running this script phase.\necho \"SUCCESS\" > \"${SCRIPT_OUTPUT_FILE_0}\"\n";
			showEnvVarsInLog = 0;
		};
/* End PBXShellScriptBuildPhase section */

/* Begin PBXSourcesBuildPhase section */
		9F363E942453B4ED0023084D /* Sources */ = {
			isa = PBXSourcesBuildPhase;
			buildActionMask = 2147483647;
			files = (
				9F363ED3245414D70023084D /* ViewController.swift in Sources */,
				9F363ED12454090F0023084D /* CustomAnnotation.swift in Sources */,
				9F363ED72454C8490023084D /* User.swift in Sources */,
				9F363ED5245419150023084D /* LeaderboardViewController.swift in Sources */,
				9F363E9C2453B4EE0023084D /* AppDelegate.swift in Sources */,
				9F363ECC2453CE990023084D /* SceneDelegate.swift in Sources */,
				9F363EDB2454D0510023084D /* FirebaseInterface.swift in Sources */,
			);
			runOnlyForDeploymentPostprocessing = 0;
		};
		9F363EAA2453B4F50023084D /* Sources */ = {
			isa = PBXSourcesBuildPhase;
			buildActionMask = 2147483647;
			files = (
				9F363EB32453B4F50023084D /* PacMan_CoronatrainerTests.swift in Sources */,
			);
			runOnlyForDeploymentPostprocessing = 0;
		};
		9F363EB52453B4F50023084D /* Sources */ = {
			isa = PBXSourcesBuildPhase;
			buildActionMask = 2147483647;
			files = (
				9F363EBE2453B4F50023084D /* PacMan_CoronatrainerUITests.swift in Sources */,
			);
			runOnlyForDeploymentPostprocessing = 0;
		};
/* End PBXSourcesBuildPhase section */

/* Begin PBXTargetDependency section */
		9F363EB02453B4F50023084D /* PBXTargetDependency */ = {
			isa = PBXTargetDependency;
			target = 9F363E972453B4ED0023084D /* PacMan Coronatrainer */;
			targetProxy = 9F363EAF2453B4F50023084D /* PBXContainerItemProxy */;
		};
		9F363EBB2453B4F50023084D /* PBXTargetDependency */ = {
			isa = PBXTargetDependency;
			target = 9F363E972453B4ED0023084D /* PacMan Coronatrainer */;
			targetProxy = 9F363EBA2453B4F50023084D /* PBXContainerItemProxy */;
		};
/* End PBXTargetDependency section */

/* Begin PBXVariantGroup section */
		9F363EA12453B4EE0023084D /* Main.storyboard */ = {
			isa = PBXVariantGroup;
			children = (
				9F363EA22453B4EE0023084D /* Base */,
			);
			name = Main.storyboard;
			sourceTree = "<group>";
		};
		9F363EA62453B4F50023084D /* LaunchScreen.storyboard */ = {
			isa = PBXVariantGroup;
			children = (
				9F363EA72453B4F50023084D /* Base */,
			);
			name = LaunchScreen.storyboard;
			sourceTree = "<group>";
		};
/* End PBXVariantGroup section */

/* Begin XCBuildConfiguration section */
		9F363EC02453B4F50023084D /* Debug */ = {
			isa = XCBuildConfiguration;
			buildSettings = {
				ALWAYS_SEARCH_USER_PATHS = NO;
				CLANG_ANALYZER_NONNULL = YES;
				CLANG_ANALYZER_NUMBER_OBJECT_CONVERSION = YES_AGGRESSIVE;
				CLANG_CXX_LANGUAGE_STANDARD = "gnu++14";
				CLANG_CXX_LIBRARY = "libc++";
				CLANG_ENABLE_MODULES = YES;
				CLANG_ENABLE_OBJC_ARC = YES;
				CLANG_ENABLE_OBJC_WEAK = YES;
				CLANG_WARN_BLOCK_CAPTURE_AUTORELEASING = YES;
				CLANG_WARN_BOOL_CONVERSION = YES;
				CLANG_WARN_COMMA = YES;
				CLANG_WARN_CONSTANT_CONVERSION = YES;
				CLANG_WARN_DEPRECATED_OBJC_IMPLEMENTATIONS = YES;
				CLANG_WARN_DIRECT_OBJC_ISA_USAGE = YES_ERROR;
				CLANG_WARN_DOCUMENTATION_COMMENTS = YES;
				CLANG_WARN_EMPTY_BODY = YES;
				CLANG_WARN_ENUM_CONVERSION = YES;
				CLANG_WARN_INFINITE_RECURSION = YES;
				CLANG_WARN_INT_CONVERSION = YES;
				CLANG_WARN_NON_LITERAL_NULL_CONVERSION = YES;
				CLANG_WARN_OBJC_IMPLICIT_RETAIN_SELF = YES;
				CLANG_WARN_OBJC_LITERAL_CONVERSION = YES;
				CLANG_WARN_OBJC_ROOT_CLASS = YES_ERROR;
				CLANG_WARN_RANGE_LOOP_ANALYSIS = YES;
				CLANG_WARN_STRICT_PROTOTYPES = YES;
				CLANG_WARN_SUSPICIOUS_MOVE = YES;
				CLANG_WARN_UNGUARDED_AVAILABILITY = YES_AGGRESSIVE;
				CLANG_WARN_UNREACHABLE_CODE = YES;
				CLANG_WARN__DUPLICATE_METHOD_MATCH = YES;
				COPY_PHASE_STRIP = NO;
				DEBUG_INFORMATION_FORMAT = dwarf;
				ENABLE_STRICT_OBJC_MSGSEND = YES;
				ENABLE_TESTABILITY = YES;
				GCC_C_LANGUAGE_STANDARD = gnu11;
				GCC_DYNAMIC_NO_PIC = NO;
				GCC_NO_COMMON_BLOCKS = YES;
				GCC_OPTIMIZATION_LEVEL = 0;
				GCC_PREPROCESSOR_DEFINITIONS = (
					"DEBUG=1",
					"$(inherited)",
				);
				GCC_WARN_64_TO_32_BIT_CONVERSION = YES;
				GCC_WARN_ABOUT_RETURN_TYPE = YES_ERROR;
				GCC_WARN_UNDECLARED_SELECTOR = YES;
				GCC_WARN_UNINITIALIZED_AUTOS = YES_AGGRESSIVE;
				GCC_WARN_UNUSED_FUNCTION = YES;
				GCC_WARN_UNUSED_VARIABLE = YES;
				IPHONEOS_DEPLOYMENT_TARGET = 13.4;
				MTL_ENABLE_DEBUG_INFO = INCLUDE_SOURCE;
				MTL_FAST_MATH = YES;
				ONLY_ACTIVE_ARCH = YES;
				SDKROOT = iphoneos;
				SWIFT_ACTIVE_COMPILATION_CONDITIONS = DEBUG;
				SWIFT_OPTIMIZATION_LEVEL = "-Onone";
			};
			name = Debug;
		};
		9F363EC12453B4F50023084D /* Release */ = {
			isa = XCBuildConfiguration;
			buildSettings = {
				ALWAYS_SEARCH_USER_PATHS = NO;
				CLANG_ANALYZER_NONNULL = YES;
				CLANG_ANALYZER_NUMBER_OBJECT_CONVERSION = YES_AGGRESSIVE;
				CLANG_CXX_LANGUAGE_STANDARD = "gnu++14";
				CLANG_CXX_LIBRARY = "libc++";
				CLANG_ENABLE_MODULES = YES;
				CLANG_ENABLE_OBJC_ARC = YES;
				CLANG_ENABLE_OBJC_WEAK = YES;
				CLANG_WARN_BLOCK_CAPTURE_AUTORELEASING = YES;
				CLANG_WARN_BOOL_CONVERSION = YES;
				CLANG_WARN_COMMA = YES;
				CLANG_WARN_CONSTANT_CONVERSION = YES;
				CLANG_WARN_DEPRECATED_OBJC_IMPLEMENTATIONS = YES;
				CLANG_WARN_DIRECT_OBJC_ISA_USAGE = YES_ERROR;
				CLANG_WARN_DOCUMENTATION_COMMENTS = YES;
				CLANG_WARN_EMPTY_BODY = YES;
				CLANG_WARN_ENUM_CONVERSION = YES;
				CLANG_WARN_INFINITE_RECURSION = YES;
				CLANG_WARN_INT_CONVERSION = YES;
				CLANG_WARN_NON_LITERAL_NULL_CONVERSION = YES;
				CLANG_WARN_OBJC_IMPLICIT_RETAIN_SELF = YES;
				CLANG_WARN_OBJC_LITERAL_CONVERSION = YES;
				CLANG_WARN_OBJC_ROOT_CLASS = YES_ERROR;
				CLANG_WARN_RANGE_LOOP_ANALYSIS = YES;
				CLANG_WARN_STRICT_PROTOTYPES = YES;
				CLANG_WARN_SUSPICIOUS_MOVE = YES;
				CLANG_WARN_UNGUARDED_AVAILABILITY = YES_AGGRESSIVE;
				CLANG_WARN_UNREACHABLE_CODE = YES;
				CLANG_WARN__DUPLICATE_METHOD_MATCH = YES;
				COPY_PHASE_STRIP = NO;
				DEBUG_INFORMATION_FORMAT = "dwarf-with-dsym";
				ENABLE_NS_ASSERTIONS = NO;
				ENABLE_STRICT_OBJC_MSGSEND = YES;
				GCC_C_LANGUAGE_STANDARD = gnu11;
				GCC_NO_COMMON_BLOCKS = YES;
				GCC_WARN_64_TO_32_BIT_CONVERSION = YES;
				GCC_WARN_ABOUT_RETURN_TYPE = YES_ERROR;
				GCC_WARN_UNDECLARED_SELECTOR = YES;
				GCC_WARN_UNINITIALIZED_AUTOS = YES_AGGRESSIVE;
				GCC_WARN_UNUSED_FUNCTION = YES;
				GCC_WARN_UNUSED_VARIABLE = YES;
				IPHONEOS_DEPLOYMENT_TARGET = 13.4;
				MTL_ENABLE_DEBUG_INFO = NO;
				MTL_FAST_MATH = YES;
				SDKROOT = iphoneos;
				SWIFT_COMPILATION_MODE = wholemodule;
				SWIFT_OPTIMIZATION_LEVEL = "-O";
				VALIDATE_PRODUCT = YES;
			};
			name = Release;
		};
		9F363EC32453B4F50023084D /* Debug */ = {
			isa = XCBuildConfiguration;
			baseConfigurationReference = F5BA87FC3C1754AFFDE95190 /* Pods-PacMan Coronatrainer.debug.xcconfig */;
			buildSettings = {
				ASSETCATALOG_COMPILER_APPICON_NAME = AppIcon;
				CODE_SIGN_ENTITLEMENTS = "PacMan Coronatrainer/Pac-Maps.entitlements";
				CODE_SIGN_STYLE = Automatic;
				DEVELOPMENT_TEAM = B2278J6LL2;
				INFOPLIST_FILE = "PacMan Coronatrainer/Info.plist";
				IPHONEOS_DEPLOYMENT_TARGET = 13.0;
				LD_RUNPATH_SEARCH_PATHS = (
					"$(inherited)",
					"@executable_path/Frameworks",
				);
				PRODUCT_BUNDLE_IDENTIFIER = "com.ipaycheck.PacMan-Coronatrainer";
				PRODUCT_NAME = "Pac-Maps";
				SWIFT_VERSION = 5.0;
				TARGETED_DEVICE_FAMILY = "1,2";
			};
			name = Debug;
		};
		9F363EC42453B4F50023084D /* Release */ = {
			isa = XCBuildConfiguration;
			baseConfigurationReference = C7EE3042A5D792F28DCA0808 /* Pods-PacMan Coronatrainer.release.xcconfig */;
			buildSettings = {
				ASSETCATALOG_COMPILER_APPICON_NAME = AppIcon;
				CODE_SIGN_ENTITLEMENTS = "PacMan Coronatrainer/Pac-Maps.entitlements";
				CODE_SIGN_STYLE = Automatic;
				DEVELOPMENT_TEAM = B2278J6LL2;
				INFOPLIST_FILE = "PacMan Coronatrainer/Info.plist";
				IPHONEOS_DEPLOYMENT_TARGET = 13.0;
				LD_RUNPATH_SEARCH_PATHS = (
					"$(inherited)",
					"@executable_path/Frameworks",
				);
				PRODUCT_BUNDLE_IDENTIFIER = "com.ipaycheck.PacMan-Coronatrainer";
				PRODUCT_NAME = "Pac-Maps";
				SWIFT_VERSION = 5.0;
				TARGETED_DEVICE_FAMILY = "1,2";
			};
			name = Release;
		};
		9F363EC62453B4F50023084D /* Debug */ = {
			isa = XCBuildConfiguration;
			baseConfigurationReference = CD218F472B5E9C7217050826 /* Pods-PacMan CoronatrainerTests.debug.xcconfig */;
			buildSettings = {
				ALWAYS_EMBED_SWIFT_STANDARD_LIBRARIES = YES;
				BUNDLE_LOADER = "$(TEST_HOST)";
				CODE_SIGN_STYLE = Automatic;
				DEVELOPMENT_TEAM = B2278J6LL2;
				INFOPLIST_FILE = "PacMan CoronatrainerTests/Info.plist";
				IPHONEOS_DEPLOYMENT_TARGET = 13.4;
				LD_RUNPATH_SEARCH_PATHS = (
					"$(inherited)",
					"@executable_path/Frameworks",
					"@loader_path/Frameworks",
				);
				PRODUCT_BUNDLE_IDENTIFIER = "com.ipaycheck.PacMan-CoronatrainerTests";
				PRODUCT_NAME = "$(TARGET_NAME)";
				SWIFT_VERSION = 5.0;
				TARGETED_DEVICE_FAMILY = "1,2";
				TEST_HOST = "$(BUILT_PRODUCTS_DIR)/PacMan Coronatrainer.app/PacMan Coronatrainer";
			};
			name = Debug;
		};
		9F363EC72453B4F50023084D /* Release */ = {
			isa = XCBuildConfiguration;
			baseConfigurationReference = 185F03EC0C74B2AFD5273F29 /* Pods-PacMan CoronatrainerTests.release.xcconfig */;
			buildSettings = {
				ALWAYS_EMBED_SWIFT_STANDARD_LIBRARIES = YES;
				BUNDLE_LOADER = "$(TEST_HOST)";
				CODE_SIGN_STYLE = Automatic;
				DEVELOPMENT_TEAM = B2278J6LL2;
				INFOPLIST_FILE = "PacMan CoronatrainerTests/Info.plist";
				IPHONEOS_DEPLOYMENT_TARGET = 13.4;
				LD_RUNPATH_SEARCH_PATHS = (
					"$(inherited)",
					"@executable_path/Frameworks",
					"@loader_path/Frameworks",
				);
				PRODUCT_BUNDLE_IDENTIFIER = "com.ipaycheck.PacMan-CoronatrainerTests";
				PRODUCT_NAME = "$(TARGET_NAME)";
				SWIFT_VERSION = 5.0;
				TARGETED_DEVICE_FAMILY = "1,2";
				TEST_HOST = "$(BUILT_PRODUCTS_DIR)/PacMan Coronatrainer.app/PacMan Coronatrainer";
			};
			name = Release;
		};
		9F363EC92453B4F50023084D /* Debug */ = {
			isa = XCBuildConfiguration;
			baseConfigurationReference = 5E7B2CAEC618F9BB3588B27E /* Pods-PacMan Coronatrainer-PacMan CoronatrainerUITests.debug.xcconfig */;
			buildSettings = {
				ALWAYS_EMBED_SWIFT_STANDARD_LIBRARIES = YES;
				CODE_SIGN_STYLE = Automatic;
				DEVELOPMENT_TEAM = B2278J6LL2;
				INFOPLIST_FILE = "PacMan CoronatrainerUITests/Info.plist";
				LD_RUNPATH_SEARCH_PATHS = (
					"$(inherited)",
					"@executable_path/Frameworks",
					"@loader_path/Frameworks",
				);
				PRODUCT_BUNDLE_IDENTIFIER = "com.ipaycheck.PacMan-CoronatrainerUITests";
				PRODUCT_NAME = "$(TARGET_NAME)";
				SWIFT_VERSION = 5.0;
				TARGETED_DEVICE_FAMILY = "1,2";
				TEST_TARGET_NAME = "PacMan Coronatrainer";
			};
			name = Debug;
		};
		9F363ECA2453B4F50023084D /* Release */ = {
			isa = XCBuildConfiguration;
			baseConfigurationReference = 3D1FBF8D421047DE8E4BD672 /* Pods-PacMan Coronatrainer-PacMan CoronatrainerUITests.release.xcconfig */;
			buildSettings = {
				ALWAYS_EMBED_SWIFT_STANDARD_LIBRARIES = YES;
				CODE_SIGN_STYLE = Automatic;
				DEVELOPMENT_TEAM = B2278J6LL2;
				INFOPLIST_FILE = "PacMan CoronatrainerUITests/Info.plist";
				LD_RUNPATH_SEARCH_PATHS = (
					"$(inherited)",
					"@executable_path/Frameworks",
					"@loader_path/Frameworks",
				);
				PRODUCT_BUNDLE_IDENTIFIER = "com.ipaycheck.PacMan-CoronatrainerUITests";
				PRODUCT_NAME = "$(TARGET_NAME)";
				SWIFT_VERSION = 5.0;
				TARGETED_DEVICE_FAMILY = "1,2";
				TEST_TARGET_NAME = "PacMan Coronatrainer";
			};
			name = Release;
		};
/* End XCBuildConfiguration section */

/* Begin XCConfigurationList section */
		9F363E932453B4ED0023084D /* Build configuration list for PBXProject "PacMan Coronatrainer" */ = {
			isa = XCConfigurationList;
			buildConfigurations = (
				9F363EC02453B4F50023084D /* Debug */,
				9F363EC12453B4F50023084D /* Release */,
			);
			defaultConfigurationIsVisible = 0;
			defaultConfigurationName = Release;
		};
		9F363EC22453B4F50023084D /* Build configuration list for PBXNativeTarget "PacMan Coronatrainer" */ = {
			isa = XCConfigurationList;
			buildConfigurations = (
				9F363EC32453B4F50023084D /* Debug */,
				9F363EC42453B4F50023084D /* Release */,
			);
			defaultConfigurationIsVisible = 0;
			defaultConfigurationName = Release;
		};
		9F363EC52453B4F50023084D /* Build configuration list for PBXNativeTarget "PacMan CoronatrainerTests" */ = {
			isa = XCConfigurationList;
			buildConfigurations = (
				9F363EC62453B4F50023084D /* Debug */,
				9F363EC72453B4F50023084D /* Release */,
			);
			defaultConfigurationIsVisible = 0;
			defaultConfigurationName = Release;
		};
		9F363EC82453B4F50023084D /* Build configuration list for PBXNativeTarget "PacMan CoronatrainerUITests" */ = {
			isa = XCConfigurationList;
			buildConfigurations = (
				9F363EC92453B4F50023084D /* Debug */,
				9F363ECA2453B4F50023084D /* Release */,
			);
			defaultConfigurationIsVisible = 0;
			defaultConfigurationName = Release;
		};
/* End XCConfigurationList section */
	};
	rootObject = 9F363E902453B4ED0023084D /* Project object */;
}
